
Microsoft Visual Studio Solution File, Format Version 12.00
Project("{FAE04EC0-301F-11D3-BF4B-00C04F79EFBC}") = "RsaWithBytes", "RsaWithBytes\RsaWithBytes.csproj", "{8535D3A1-9DE7-4EB9-ADAD-ED3351DBCCF0}"
EndProject
Global
	GlobalSection(SolutionConfigurationPlatforms) = preSolution
		Debug|Any CPU = Debug|Any CPU
		Release|Any CPU = Release|Any CPU
	EndGlobalSection
	GlobalSection(ProjectConfigurationPlatforms) = postSolution
		{8535D3A1-9DE7-4EB9-ADAD-ED3351DBCCF0}.Debug|Any CPU.ActiveCfg = Debug|Any CPU
		{8535D3A1-9DE7-4EB9-ADAD-ED3351DBCCF0}.Debug|Any CPU.Build.0 = Debug|Any CPU
		{8535D3A1-9DE7-4EB9-ADAD-ED3351DBCCF0}.Release|Any CPU.ActiveCfg = Release|Any CPU
		{8535D3A1-9DE7-4EB9-ADAD-ED3351DBCCF0}.Release|Any CPU.Build.0 = Release|Any CPU
	EndGlobalSection
EndGlobal
